
Microsoft Visual Studio Solution File, Format Version 12.00
# Visual Studio Version 17
VisualStudioVersion = 17.13.35825.156 d17.13
MinimumVisualStudioVersion = 10.0.40219.1
Project("{FAE04EC0-301F-11D3-BF4B-00C04F79EFBC}") = "ThreadManager", "ThreadManager.csproj", "{806B2741-9A40-42EA-9E29-600DB3969111}"
EndProject
Global
	GlobalSection(SolutionConfigurationPlatforms) = preSolution
		Debug|Any CPU = Debug|Any CPU
		Release|Any CPU = Release|Any CPU
	EndGlobalSection
	GlobalSection(ProjectConfigurationPlatforms) = postSolution
		{806B2741-9A40-42EA-9E29-600DB3969111}.Debug|Any CPU.ActiveCfg = Debug|Any CPU
		{806B2741-9A40-42EA-9E29-600DB3969111}.Debug|Any CPU.Build.0 = Debug|Any CPU
		{806B2741-9A40-42EA-9E29-600DB3969111}.Release|Any CPU.ActiveCfg = Release|Any CPU
		{806B2741-9A40-42EA-9E29-600DB3969111}.Release|Any CPU.Build.0 = Release|Any CPU
	EndGlobalSection
	GlobalSection(SolutionProperties) = preSolution
		HideSolutionNode = FALSE
	EndGlobalSection
	GlobalSection(ExtensibilityGlobals) = postSolution
		SolutionGuid = {1C2A0AAD-D1A2-462A-A660-BDEC4DE23E06}
	EndGlobalSection
EndGlobal
